
Microsoft Visual Studio Solution File, Format Version 12.00
# Visual Studio 2012
Project("{FAE04EC0-301F-11D3-BF4B-00C04F79EFBC}") = "xnano", "xnano\xnano.csproj", "{660CC30E-B907-4400-A4E4-89ED35A68BED}"
EndProject
Project("{FAE04EC0-301F-11D3-BF4B-00C04F79EFBC}") = "xnano.iOS", "xnano.iOS\xnano.iOS.csproj", "{40D555A6-32B5-444A-B849-8203B48103EB}"
EndProject
Project("{FAE04EC0-301F-11D3-BF4B-00C04F79EFBC}") = "xnano.Droid", "xnano.Droid\xnano.Droid.csproj", "{1CC6BB27-57C9-4B0F-81C4-C7586BE776DF}"
EndProject
Project("{FAE04EC0-301F-11D3-BF4B-00C04F79EFBC}") = "SmartGlass", "Includes\SmartGlass\SmartGlass\SmartGlass.csproj", "{B100F975-94C9-487A-BDDE-FF9A858E1756}"
EndProject
Project("{FAE04EC0-301F-11D3-BF4B-00C04F79EFBC}") = "XboxWebApi", "Includes\XboxWebApi\XboxWebApi\XboxWebApi.csproj", "{BB9D8D6D-5075-4C74-8CE8-B8EF81F827AE}"
EndProject
Global
	GlobalSection(SolutionConfigurationPlatforms) = preSolution
		Ad-Hoc|Any CPU = Ad-Hoc|Any CPU
		Ad-Hoc|ARM = Ad-Hoc|ARM
		Ad-Hoc|iPhone = Ad-Hoc|iPhone
		Ad-Hoc|iPhoneSimulator = Ad-Hoc|iPhoneSimulator
		Ad-Hoc|x64 = Ad-Hoc|x64
		Ad-Hoc|x86 = Ad-Hoc|x86
		AppStore|Any CPU = AppStore|Any CPU
		AppStore|ARM = AppStore|ARM
		AppStore|iPhone = AppStore|iPhone
		AppStore|iPhoneSimulator = AppStore|iPhoneSimulator
		AppStore|x64 = AppStore|x64
		AppStore|x86 = AppStore|x86
		Debug|Any CPU = Debug|Any CPU
		Debug|ARM = Debug|ARM
		Debug|iPhone = Debug|iPhone
		Debug|iPhoneSimulator = Debug|iPhoneSimulator
		Debug|x64 = Debug|x64
		Debug|x86 = Debug|x86
		Release|Any CPU = Release|Any CPU
		Release|ARM = Release|ARM
		Release|iPhone = Release|iPhone
		Release|iPhoneSimulator = Release|iPhoneSimulator
		Release|x64 = Release|x64
		Release|x86 = Release|x86
	EndGlobalSection
	GlobalSection(ProjectConfigurationPlatforms) = postSolution
		{660CC30E-B907-4400-A4E4-89ED35A68BED}.Ad-Hoc|Any CPU.ActiveCfg = Debug|Any CPU
		{660CC30E-B907-4400-A4E4-89ED35A68BED}.Ad-Hoc|Any CPU.Build.0 = Debug|Any CPU
		{660CC30E-B907-4400-A4E4-89ED35A68BED}.Ad-Hoc|Any CPU.Deploy.0 = Debug|Any CPU
		{660CC30E-B907-4400-A4E4-89ED35A68BED}.Ad-Hoc|ARM.ActiveCfg = Debug|Any CPU
		{660CC30E-B907-4400-A4E4-89ED35A68BED}.Ad-Hoc|ARM.Build.0 = Debug|Any CPU
		{660CC30E-B907-4400-A4E4-89ED35A68BED}.Ad-Hoc|ARM.Deploy.0 = Debug|Any CPU
		{660CC30E-B907-4400-A4E4-89ED35A68BED}.Ad-Hoc|iPhone.ActiveCfg = Debug|Any CPU
		{660CC30E-B907-4400-A4E4-89ED35A68BED}.Ad-Hoc|iPhone.Build.0 = Debug|Any CPU
		{660CC30E-B907-4400-A4E4-89ED35A68BED}.Ad-Hoc|iPhone.Deploy.0 = Debug|Any CPU
		{660CC30E-B907-4400-A4E4-89ED35A68BED}.Ad-Hoc|iPhoneSimulator.ActiveCfg = Debug|Any CPU
		{660CC30E-B907-4400-A4E4-89ED35A68BED}.Ad-Hoc|iPhoneSimulator.Build.0 = Debug|Any CPU
		{660CC30E-B907-4400-A4E4-89ED35A68BED}.Ad-Hoc|iPhoneSimulator.Deploy.0 = Debug|Any CPU
		{660CC30E-B907-4400-A4E4-89ED35A68BED}.Ad-Hoc|x64.ActiveCfg = Debug|Any CPU
		{660CC30E-B907-4400-A4E4-89ED35A68BED}.Ad-Hoc|x64.Build.0 = Debug|Any CPU
		{660CC30E-B907-4400-A4E4-89ED35A68BED}.Ad-Hoc|x64.Deploy.0 = Debug|Any CPU
		{660CC30E-B907-4400-A4E4-89ED35A68BED}.Ad-Hoc|x86.ActiveCfg = Debug|Any CPU
		{660CC30E-B907-4400-A4E4-89ED35A68BED}.Ad-Hoc|x86.Build.0 = Debug|Any CPU
		{660CC30E-B907-4400-A4E4-89ED35A68BED}.Ad-Hoc|x86.Deploy.0 = Debug|Any CPU
		{660CC30E-B907-4400-A4E4-89ED35A68BED}.AppStore|Any CPU.ActiveCfg = Debug|Any CPU
		{660CC30E-B907-4400-A4E4-89ED35A68BED}.AppStore|Any CPU.Build.0 = Debug|Any CPU
		{660CC30E-B907-4400-A4E4-89ED35A68BED}.AppStore|Any CPU.Deploy.0 = Debug|Any CPU
		{660CC30E-B907-4400-A4E4-89ED35A68BED}.AppStore|ARM.ActiveCfg = Debug|Any CPU
		{660CC30E-B907-4400-A4E4-89ED35A68BED}.AppStore|ARM.Build.0 = Debug|Any CPU
		{660CC30E-B907-4400-A4E4-89ED35A68BED}.AppStore|ARM.Deploy.0 = Debug|Any CPU
		{660CC30E-B907-4400-A4E4-89ED35A68BED}.AppStore|iPhone.ActiveCfg = Debug|Any CPU
		{660CC30E-B907-4400-A4E4-89ED35A68BED}.AppStore|iPhone.Build.0 = Debug|Any CPU
		{660CC30E-B907-4400-A4E4-89ED35A68BED}.AppStore|iPhone.Deploy.0 = Debug|Any CPU
		{660CC30E-B907-4400-A4E4-89ED35A68BED}.AppStore|iPhoneSimulator.ActiveCfg = Debug|Any CPU
		{660CC30E-B907-4400-A4E4-89ED35A68BED}.AppStore|iPhoneSimulator.Build.0 = Debug|Any CPU
		{660CC30E-B907-4400-A4E4-89ED35A68BED}.AppStore|iPhoneSimulator.Deploy.0 = Debug|Any CPU
		{660CC30E-B907-4400-A4E4-89ED35A68BED}.AppStore|x64.ActiveCfg = Debug|Any CPU
		{660CC30E-B907-4400-A4E4-89ED35A68BED}.AppStore|x64.Build.0 = Debug|Any CPU
		{660CC30E-B907-4400-A4E4-89ED35A68BED}.AppStore|x64.Deploy.0 = Debug|Any CPU
		{660CC30E-B907-4400-A4E4-89ED35A68BED}.AppStore|x86.ActiveCfg = Debug|Any CPU
		{660CC30E-B907-4400-A4E4-89ED35A68BED}.AppStore|x86.Build.0 = Debug|Any CPU
		{660CC30E-B907-4400-A4E4-89ED35A68BED}.AppStore|x86.Deploy.0 = Debug|Any CPU
		{660CC30E-B907-4400-A4E4-89ED35A68BED}.Debug|Any CPU.ActiveCfg = Debug|Any CPU
		{660CC30E-B907-4400-A4E4-89ED35A68BED}.Debug|Any CPU.Build.0 = Debug|Any CPU
		{660CC30E-B907-4400-A4E4-89ED35A68BED}.Debug|Any CPU.Deploy.0 = Debug|Any CPU
		{660CC30E-B907-4400-A4E4-89ED35A68BED}.Debug|ARM.ActiveCfg = Debug|Any CPU
		{660CC30E-B907-4400-A4E4-89ED35A68BED}.Debug|ARM.Build.0 = Debug|Any CPU
		{660CC30E-B907-4400-A4E4-89ED35A68BED}.Debug|ARM.Deploy.0 = Debug|Any CPU
		{660CC30E-B907-4400-A4E4-89ED35A68BED}.Debug|iPhone.ActiveCfg = Debug|Any CPU
		{660CC30E-B907-4400-A4E4-89ED35A68BED}.Debug|iPhone.Build.0 = Debug|Any CPU
		{660CC30E-B907-4400-A4E4-89ED35A68BED}.Debug|iPhone.Deploy.0 = Debug|Any CPU
		{660CC30E-B907-4400-A4E4-89ED35A68BED}.Debug|iPhoneSimulator.ActiveCfg = Debug|Any CPU
		{660CC30E-B907-4400-A4E4-89ED35A68BED}.Debug|iPhoneSimulator.Build.0 = Debug|Any CPU
		{660CC30E-B907-4400-A4E4-89ED35A68BED}.Debug|iPhoneSimulator.Deploy.0 = Debug|Any CPU
		{660CC30E-B907-4400-A4E4-89ED35A68BED}.Debug|x64.ActiveCfg = Debug|Any CPU
		{660CC30E-B907-4400-A4E4-89ED35A68BED}.Debug|x64.Build.0 = Debug|Any CPU
		{660CC30E-B907-4400-A4E4-89ED35A68BED}.Debug|x64.Deploy.0 = Debug|Any CPU
		{660CC30E-B907-4400-A4E4-89ED35A68BED}.Debug|x86.ActiveCfg = Debug|Any CPU
		{660CC30E-B907-4400-A4E4-89ED35A68BED}.Debug|x86.Build.0 = Debug|Any CPU
		{660CC30E-B907-4400-A4E4-89ED35A68BED}.Debug|x86.Deploy.0 = Debug|Any CPU
		{660CC30E-B907-4400-A4E4-89ED35A68BED}.Release|Any CPU.ActiveCfg = Release|Any CPU
		{660CC30E-B907-4400-A4E4-89ED35A68BED}.Release|Any CPU.Build.0 = Release|Any CPU
		{660CC30E-B907-4400-A4E4-89ED35A68BED}.Release|Any CPU.Deploy.0 = Release|Any CPU
		{660CC30E-B907-4400-A4E4-89ED35A68BED}.Release|ARM.ActiveCfg = Release|Any CPU
		{660CC30E-B907-4400-A4E4-89ED35A68BED}.Release|ARM.Build.0 = Release|Any CPU
		{660CC30E-B907-4400-A4E4-89ED35A68BED}.Release|ARM.Deploy.0 = Release|Any CPU
		{660CC30E-B907-4400-A4E4-89ED35A68BED}.Release|iPhone.ActiveCfg = Release|Any CPU
		{660CC30E-B907-4400-A4E4-89ED35A68BED}.Release|iPhone.Build.0 = Release|Any CPU
		{660CC30E-B907-4400-A4E4-89ED35A68BED}.Release|iPhone.Deploy.0 = Release|Any CPU
		{660CC30E-B907-4400-A4E4-89ED35A68BED}.Release|iPhoneSimulator.ActiveCfg = Release|Any CPU
		{660CC30E-B907-4400-A4E4-89ED35A68BED}.Release|iPhoneSimulator.Build.0 = Release|Any CPU
		{660CC30E-B907-4400-A4E4-89ED35A68BED}.Release|iPhoneSimulator.Deploy.0 = Release|Any CPU
		{660CC30E-B907-4400-A4E4-89ED35A68BED}.Release|x64.ActiveCfg = Release|Any CPU
		{660CC30E-B907-4400-A4E4-89ED35A68BED}.Release|x64.Build.0 = Release|Any CPU
		{660CC30E-B907-4400-A4E4-89ED35A68BED}.Release|x64.Deploy.0 = Release|Any CPU
		{660CC30E-B907-4400-A4E4-89ED35A68BED}.Release|x86.ActiveCfg = Release|Any CPU
		{660CC30E-B907-4400-A4E4-89ED35A68BED}.Release|x86.Build.0 = Release|Any CPU
		{660CC30E-B907-4400-A4E4-89ED35A68BED}.Release|x86.Deploy.0 = Release|Any CPU
		{40D555A6-32B5-444A-B849-8203B48103EB}.Ad-Hoc|Any CPU.ActiveCfg = Ad-Hoc|iPhone
		{40D555A6-32B5-444A-B849-8203B48103EB}.Ad-Hoc|Any CPU.Build.0 = Ad-Hoc|iPhone
		{40D555A6-32B5-444A-B849-8203B48103EB}.Ad-Hoc|Any CPU.Deploy.0 = Ad-Hoc|iPhone
		{40D555A6-32B5-444A-B849-8203B48103EB}.Ad-Hoc|ARM.ActiveCfg = Ad-Hoc|iPhone
		{40D555A6-32B5-444A-B849-8203B48103EB}.Ad-Hoc|ARM.Build.0 = Ad-Hoc|iPhone
		{40D555A6-32B5-444A-B849-8203B48103EB}.Ad-Hoc|ARM.Deploy.0 = Ad-Hoc|iPhone
		{40D555A6-32B5-444A-B849-8203B48103EB}.Ad-Hoc|iPhone.ActiveCfg = Ad-Hoc|iPhone
		{40D555A6-32B5-444A-B849-8203B48103EB}.Ad-Hoc|iPhone.Build.0 = Ad-Hoc|iPhone
		{40D555A6-32B5-444A-B849-8203B48103EB}.Ad-Hoc|iPhone.Deploy.0 = Ad-Hoc|iPhone
		{40D555A6-32B5-444A-B849-8203B48103EB}.Ad-Hoc|iPhoneSimulator.ActiveCfg = Ad-Hoc|iPhoneSimulator
		{40D555A6-32B5-444A-B849-8203B48103EB}.Ad-Hoc|iPhoneSimulator.Build.0 = Ad-Hoc|iPhoneSimulator
		{40D555A6-32B5-444A-B849-8203B48103EB}.Ad-Hoc|iPhoneSimulator.Deploy.0 = Ad-Hoc|iPhoneSimulator
		{40D555A6-32B5-444A-B849-8203B48103EB}.Ad-Hoc|x64.ActiveCfg = Ad-Hoc|iPhone
		{40D555A6-32B5-444A-B849-8203B48103EB}.Ad-Hoc|x64.Build.0 = Ad-Hoc|iPhone
		{40D555A6-32B5-444A-B849-8203B48103EB}.Ad-Hoc|x64.Deploy.0 = Ad-Hoc|iPhone
		{40D555A6-32B5-444A-B849-8203B48103EB}.Ad-Hoc|x86.ActiveCfg = Ad-Hoc|iPhone
		{40D555A6-32B5-444A-B849-8203B48103EB}.Ad-Hoc|x86.Build.0 = Ad-Hoc|iPhone
		{40D555A6-32B5-444A-B849-8203B48103EB}.Ad-Hoc|x86.Deploy.0 = Ad-Hoc|iPhone
		{40D555A6-32B5-444A-B849-8203B48103EB}.AppStore|Any CPU.ActiveCfg = AppStore|iPhone
		{40D555A6-32B5-444A-B849-8203B48103EB}.AppStore|Any CPU.Build.0 = AppStore|iPhone
		{40D555A6-32B5-444A-B849-8203B48103EB}.AppStore|Any CPU.Deploy.0 = AppStore|iPhone
		{40D555A6-32B5-444A-B849-8203B48103EB}.AppStore|ARM.ActiveCfg = AppStore|iPhone
		{40D555A6-32B5-444A-B849-8203B48103EB}.AppStore|ARM.Build.0 = AppStore|iPhone
		{40D555A6-32B5-444A-B849-8203B48103EB}.AppStore|ARM.Deploy.0 = AppStore|iPhone
		{40D555A6-32B5-444A-B849-8203B48103EB}.AppStore|iPhone.ActiveCfg = AppStore|iPhone
		{40D555A6-32B5-444A-B849-8203B48103EB}.AppStore|iPhone.Build.0 = AppStore|iPhone
		{40D555A6-32B5-444A-B849-8203B48103EB}.AppStore|iPhone.Deploy.0 = AppStore|iPhone
		{40D555A6-32B5-444A-B849-8203B48103EB}.AppStore|iPhoneSimulator.ActiveCfg = AppStore|iPhoneSimulator
		{40D555A6-32B5-444A-B849-8203B48103EB}.AppStore|iPhoneSimulator.Build.0 = AppStore|iPhoneSimulator
		{40D555A6-32B5-444A-B849-8203B48103EB}.AppStore|iPhoneSimulator.Deploy.0 = AppStore|iPhoneSimulator
		{40D555A6-32B5-444A-B849-8203B48103EB}.AppStore|x64.ActiveCfg = AppStore|iPhone
		{40D555A6-32B5-444A-B849-8203B48103EB}.AppStore|x64.Build.0 = AppStore|iPhone
		{40D555A6-32B5-444A-B849-8203B48103EB}.AppStore|x64.Deploy.0 = AppStore|iPhone
		{40D555A6-32B5-444A-B849-8203B48103EB}.AppStore|x86.ActiveCfg = AppStore|iPhone
		{40D555A6-32B5-444A-B849-8203B48103EB}.AppStore|x86.Build.0 = AppStore|iPhone
		{40D555A6-32B5-444A-B849-8203B48103EB}.AppStore|x86.Deploy.0 = AppStore|iPhone
		{40D555A6-32B5-444A-B849-8203B48103EB}.Debug|Any CPU.ActiveCfg = Debug|iPhoneSimulator
		{40D555A6-32B5-444A-B849-8203B48103EB}.Debug|Any CPU.Build.0 = Debug|iPhoneSimulator
		{40D555A6-32B5-444A-B849-8203B48103EB}.Debug|Any CPU.Deploy.0 = Debug|iPhoneSimulator
		{40D555A6-32B5-444A-B849-8203B48103EB}.Debug|ARM.ActiveCfg = Debug|iPhone
		{40D555A6-32B5-444A-B849-8203B48103EB}.Debug|ARM.Build.0 = Debug|iPhone
		{40D555A6-32B5-444A-B849-8203B48103EB}.Debug|ARM.Deploy.0 = Debug|iPhone
		{40D555A6-32B5-444A-B849-8203B48103EB}.Debug|iPhone.ActiveCfg = Debug|iPhone
		{40D555A6-32B5-444A-B849-8203B48103EB}.Debug|iPhone.Build.0 = Debug|iPhone
		{40D555A6-32B5-444A-B849-8203B48103EB}.Debug|iPhone.Deploy.0 = Debug|iPhone
		{40D555A6-32B5-444A-B849-8203B48103EB}.Debug|iPhoneSimulator.ActiveCfg = Debug|iPhoneSimulator
		{40D555A6-32B5-444A-B849-8203B48103EB}.Debug|iPhoneSimulator.Build.0 = Debug|iPhoneSimulator
		{40D555A6-32B5-444A-B849-8203B48103EB}.Debug|iPhoneSimulator.Deploy.0 = Debug|iPhoneSimulator
		{40D555A6-32B5-444A-B849-8203B48103EB}.Debug|x64.ActiveCfg = Debug|iPhone
		{40D555A6-32B5-444A-B849-8203B48103EB}.Debug|x64.Build.0 = Debug|iPhone
		{40D555A6-32B5-444A-B849-8203B48103EB}.Debug|x64.Deploy.0 = Debug|iPhone
		{40D555A6-32B5-444A-B849-8203B48103EB}.Debug|x86.ActiveCfg = Debug|iPhone
		{40D555A6-32B5-444A-B849-8203B48103EB}.Debug|x86.Build.0 = Debug|iPhone
		{40D555A6-32B5-444A-B849-8203B48103EB}.Debug|x86.Deploy.0 = Debug|iPhone
		{40D555A6-32B5-444A-B849-8203B48103EB}.Release|Any CPU.ActiveCfg = Release|iPhone
		{40D555A6-32B5-444A-B849-8203B48103EB}.Release|Any CPU.Build.0 = Release|iPhone
		{40D555A6-32B5-444A-B849-8203B48103EB}.Release|Any CPU.Deploy.0 = Release|iPhone
		{40D555A6-32B5-444A-B849-8203B48103EB}.Release|ARM.ActiveCfg = Release|iPhone
		{40D555A6-32B5-444A-B849-8203B48103EB}.Release|ARM.Build.0 = Release|iPhone
		{40D555A6-32B5-444A-B849-8203B48103EB}.Release|ARM.Deploy.0 = Release|iPhone
		{40D555A6-32B5-444A-B849-8203B48103EB}.Release|iPhone.ActiveCfg = Release|iPhone
		{40D555A6-32B5-444A-B849-8203B48103EB}.Release|iPhone.Build.0 = Release|iPhone
		{40D555A6-32B5-444A-B849-8203B48103EB}.Release|iPhone.Deploy.0 = Release|iPhone
		{40D555A6-32B5-444A-B849-8203B48103EB}.Release|iPhoneSimulator.ActiveCfg = Release|iPhoneSimulator
		{40D555A6-32B5-444A-B849-8203B48103EB}.Release|iPhoneSimulator.Build.0 = Release|iPhoneSimulator
		{40D555A6-32B5-444A-B849-8203B48103EB}.Release|iPhoneSimulator.Deploy.0 = Release|iPhoneSimulator
		{40D555A6-32B5-444A-B849-8203B48103EB}.Release|x64.ActiveCfg = Release|iPhone
		{40D555A6-32B5-444A-B849-8203B48103EB}.Release|x64.Build.0 = Release|iPhone
		{40D555A6-32B5-444A-B849-8203B48103EB}.Release|x64.Deploy.0 = Release|iPhone
		{40D555A6-32B5-444A-B849-8203B48103EB}.Release|x86.ActiveCfg = Release|iPhone
		{40D555A6-32B5-444A-B849-8203B48103EB}.Release|x86.Build.0 = Release|iPhone
		{40D555A6-32B5-444A-B849-8203B48103EB}.Release|x86.Deploy.0 = Release|iPhone
		{1CC6BB27-57C9-4B0F-81C4-C7586BE776DF}.Ad-Hoc|Any CPU.ActiveCfg = Release|Any CPU
		{1CC6BB27-57C9-4B0F-81C4-C7586BE776DF}.Ad-Hoc|Any CPU.Build.0 = Release|Any CPU
		{1CC6BB27-57C9-4B0F-81C4-C7586BE776DF}.Ad-Hoc|Any CPU.Deploy.0 = Release|Any CPU
		{1CC6BB27-57C9-4B0F-81C4-C7586BE776DF}.Ad-Hoc|ARM.ActiveCfg = Release|Any CPU
		{1CC6BB27-57C9-4B0F-81C4-C7586BE776DF}.Ad-Hoc|ARM.Build.0 = Release|Any CPU
		{1CC6BB27-57C9-4B0F-81C4-C7586BE776DF}.Ad-Hoc|ARM.Deploy.0 = Release|Any CPU
		{1CC6BB27-57C9-4B0F-81C4-C7586BE776DF}.Ad-Hoc|iPhone.ActiveCfg = Release|Any CPU
		{1CC6BB27-57C9-4B0F-81C4-C7586BE776DF}.Ad-Hoc|iPhone.Build.0 = Release|Any CPU
		{1CC6BB27-57C9-4B0F-81C4-C7586BE776DF}.Ad-Hoc|iPhone.Deploy.0 = Release|Any CPU
		{1CC6BB27-57C9-4B0F-81C4-C7586BE776DF}.Ad-Hoc|iPhoneSimulator.ActiveCfg = Release|Any CPU
		{1CC6BB27-57C9-4B0F-81C4-C7586BE776DF}.Ad-Hoc|iPhoneSimulator.Build.0 = Release|Any CPU
		{1CC6BB27-57C9-4B0F-81C4-C7586BE776DF}.Ad-Hoc|iPhoneSimulator.Deploy.0 = Release|Any CPU
		{1CC6BB27-57C9-4B0F-81C4-C7586BE776DF}.Ad-Hoc|x64.ActiveCfg = Release|Any CPU
		{1CC6BB27-57C9-4B0F-81C4-C7586BE776DF}.Ad-Hoc|x64.Build.0 = Release|Any CPU
		{1CC6BB27-57C9-4B0F-81C4-C7586BE776DF}.Ad-Hoc|x64.Deploy.0 = Release|Any CPU
		{1CC6BB27-57C9-4B0F-81C4-C7586BE776DF}.Ad-Hoc|x86.ActiveCfg = Release|Any CPU
		{1CC6BB27-57C9-4B0F-81C4-C7586BE776DF}.Ad-Hoc|x86.Build.0 = Release|Any CPU
		{1CC6BB27-57C9-4B0F-81C4-C7586BE776DF}.Ad-Hoc|x86.Deploy.0 = Release|Any CPU
		{1CC6BB27-57C9-4B0F-81C4-C7586BE776DF}.AppStore|Any CPU.ActiveCfg = Release|Any CPU
		{1CC6BB27-57C9-4B0F-81C4-C7586BE776DF}.AppStore|Any CPU.Build.0 = Release|Any CPU
		{1CC6BB27-57C9-4B0F-81C4-C7586BE776DF}.AppStore|Any CPU.Deploy.0 = Release|Any CPU
		{1CC6BB27-57C9-4B0F-81C4-C7586BE776DF}.AppStore|ARM.ActiveCfg = Release|Any CPU
		{1CC6BB27-57C9-4B0F-81C4-C7586BE776DF}.AppStore|ARM.Build.0 = Release|Any CPU
		{1CC6BB27-57C9-4B0F-81C4-C7586BE776DF}.AppStore|ARM.Deploy.0 = Release|Any CPU
		{1CC6BB27-57C9-4B0F-81C4-C7586BE776DF}.AppStore|iPhone.ActiveCfg = Release|Any CPU
		{1CC6BB27-57C9-4B0F-81C4-C7586BE776DF}.AppStore|iPhone.Build.0 = Release|Any CPU
		{1CC6BB27-57C9-4B0F-81C4-C7586BE776DF}.AppStore|iPhone.Deploy.0 = Release|Any CPU
		{1CC6BB27-57C9-4B0F-81C4-C7586BE776DF}.AppStore|iPhoneSimulator.ActiveCfg = Release|Any CPU
		{1CC6BB27-57C9-4B0F-81C4-C7586BE776DF}.AppStore|iPhoneSimulator.Build.0 = Release|Any CPU
		{1CC6BB27-57C9-4B0F-81C4-C7586BE776DF}.AppStore|iPhoneSimulator.Deploy.0 = Release|Any CPU
		{1CC6BB27-57C9-4B0F-81C4-C7586BE776DF}.AppStore|x64.ActiveCfg = Release|Any CPU
		{1CC6BB27-57C9-4B0F-81C4-C7586BE776DF}.AppStore|x64.Build.0 = Release|Any CPU
		{1CC6BB27-57C9-4B0F-81C4-C7586BE776DF}.AppStore|x64.Deploy.0 = Release|Any CPU
		{1CC6BB27-57C9-4B0F-81C4-C7586BE776DF}.AppStore|x86.ActiveCfg = Release|Any CPU
		{1CC6BB27-57C9-4B0F-81C4-C7586BE776DF}.AppStore|x86.Build.0 = Release|Any CPU
		{1CC6BB27-57C9-4B0F-81C4-C7586BE776DF}.AppStore|x86.Deploy.0 = Release|Any CPU
		{1CC6BB27-57C9-4B0F-81C4-C7586BE776DF}.Debug|Any CPU.ActiveCfg = Debug|Any CPU
		{1CC6BB27-57C9-4B0F-81C4-C7586BE776DF}.Debug|Any CPU.Build.0 = Debug|Any CPU
		{1CC6BB27-57C9-4B0F-81C4-C7586BE776DF}.Debug|Any CPU.Deploy.0 = Debug|Any CPU
		{1CC6BB27-57C9-4B0F-81C4-C7586BE776DF}.Debug|ARM.ActiveCfg = Debug|Any CPU
		{1CC6BB27-57C9-4B0F-81C4-C7586BE776DF}.Debug|ARM.Build.0 = Debug|Any CPU
		{1CC6BB27-57C9-4B0F-81C4-C7586BE776DF}.Debug|ARM.Deploy.0 = Debug|Any CPU
		{1CC6BB27-57C9-4B0F-81C4-C7586BE776DF}.Debug|iPhone.ActiveCfg = Debug|Any CPU
		{1CC6BB27-57C9-4B0F-81C4-C7586BE776DF}.Debug|iPhone.Build.0 = Debug|Any CPU
		{1CC6BB27-57C9-4B0F-81C4-C7586BE776DF}.Debug|iPhone.Deploy.0 = Debug|Any CPU
		{1CC6BB27-57C9-4B0F-81C4-C7586BE776DF}.Debug|iPhoneSimulator.ActiveCfg = Debug|Any CPU
		{1CC6BB27-57C9-4B0F-81C4-C7586BE776DF}.Debug|iPhoneSimulator.Build.0 = Debug|Any CPU
		{1CC6BB27-57C9-4B0F-81C4-C7586BE776DF}.Debug|iPhoneSimulator.Deploy.0 = Debug|Any CPU
		{1CC6BB27-57C9-4B0F-81C4-C7586BE776DF}.Debug|x64.ActiveCfg = Debug|Any CPU
		{1CC6BB27-57C9-4B0F-81C4-C7586BE776DF}.Debug|x64.Build.0 = Debug|Any CPU
		{1CC6BB27-57C9-4B0F-81C4-C7586BE776DF}.Debug|x64.Deploy.0 = Debug|Any CPU
		{1CC6BB27-57C9-4B0F-81C4-C7586BE776DF}.Debug|x86.ActiveCfg = Debug|Any CPU
		{1CC6BB27-57C9-4B0F-81C4-C7586BE776DF}.Debug|x86.Build.0 = Debug|Any CPU
		{1CC6BB27-57C9-4B0F-81C4-C7586BE776DF}.Debug|x86.Deploy.0 = Debug|Any CPU
		{1CC6BB27-57C9-4B0F-81C4-C7586BE776DF}.Release|Any CPU.ActiveCfg = Release|Any CPU
		{1CC6BB27-57C9-4B0F-81C4-C7586BE776DF}.Release|Any CPU.Build.0 = Release|Any CPU
		{1CC6BB27-57C9-4B0F-81C4-C7586BE776DF}.Release|Any CPU.Deploy.0 = Release|Any CPU
		{1CC6BB27-57C9-4B0F-81C4-C7586BE776DF}.Release|ARM.ActiveCfg = Release|Any CPU
		{1CC6BB27-57C9-4B0F-81C4-C7586BE776DF}.Release|ARM.Build.0 = Release|Any CPU
		{1CC6BB27-57C9-4B0F-81C4-C7586BE776DF}.Release|ARM.Deploy.0 = Release|Any CPU
		{1CC6BB27-57C9-4B0F-81C4-C7586BE776DF}.Release|iPhone.ActiveCfg = Release|Any CPU
		{1CC6BB27-57C9-4B0F-81C4-C7586BE776DF}.Release|iPhone.Build.0 = Release|Any CPU
		{1CC6BB27-57C9-4B0F-81C4-C7586BE776DF}.Release|iPhone.Deploy.0 = Release|Any CPU
		{1CC6BB27-57C9-4B0F-81C4-C7586BE776DF}.Release|iPhoneSimulator.ActiveCfg = Release|Any CPU
		{1CC6BB27-57C9-4B0F-81C4-C7586BE776DF}.Release|iPhoneSimulator.Build.0 = Release|Any CPU
		{1CC6BB27-57C9-4B0F-81C4-C7586BE776DF}.Release|iPhoneSimulator.Deploy.0 = Release|Any CPU
		{1CC6BB27-57C9-4B0F-81C4-C7586BE776DF}.Release|x64.ActiveCfg = Release|Any CPU
		{1CC6BB27-57C9-4B0F-81C4-C7586BE776DF}.Release|x64.Build.0 = Release|Any CPU
		{1CC6BB27-57C9-4B0F-81C4-C7586BE776DF}.Release|x64.Deploy.0 = Release|Any CPU
		{1CC6BB27-57C9-4B0F-81C4-C7586BE776DF}.Release|x86.ActiveCfg = Release|Any CPU
		{1CC6BB27-57C9-4B0F-81C4-C7586BE776DF}.Release|x86.Build.0 = Release|Any CPU
		{1CC6BB27-57C9-4B0F-81C4-C7586BE776DF}.Release|x86.Deploy.0 = Release|Any CPU
		{B100F975-94C9-487A-BDDE-FF9A858E1756}.Debug|Any CPU.ActiveCfg = Debug|Any CPU
		{B100F975-94C9-487A-BDDE-FF9A858E1756}.Debug|Any CPU.Build.0 = Debug|Any CPU
		{B100F975-94C9-487A-BDDE-FF9A858E1756}.Debug|x64.ActiveCfg = Debug|x64
		{B100F975-94C9-487A-BDDE-FF9A858E1756}.Debug|x64.Build.0 = Debug|x64
		{B100F975-94C9-487A-BDDE-FF9A858E1756}.Debug|x86.ActiveCfg = Debug|x86
		{B100F975-94C9-487A-BDDE-FF9A858E1756}.Debug|x86.Build.0 = Debug|x86
		{B100F975-94C9-487A-BDDE-FF9A858E1756}.Release|Any CPU.ActiveCfg = Release|Any CPU
		{B100F975-94C9-487A-BDDE-FF9A858E1756}.Release|Any CPU.Build.0 = Release|Any CPU
		{B100F975-94C9-487A-BDDE-FF9A858E1756}.Release|x64.ActiveCfg = Release|x64
		{B100F975-94C9-487A-BDDE-FF9A858E1756}.Release|x64.Build.0 = Release|x64
		{B100F975-94C9-487A-BDDE-FF9A858E1756}.Release|x86.ActiveCfg = Release|x86
		{B100F975-94C9-487A-BDDE-FF9A858E1756}.Release|x86.Build.0 = Release|x86
		{BB9D8D6D-5075-4C74-8CE8-B8EF81F827AE}.Debug|Any CPU.ActiveCfg = Debug|Any CPU
		{BB9D8D6D-5075-4C74-8CE8-B8EF81F827AE}.Debug|Any CPU.Build.0 = Debug|Any CPU
		{BB9D8D6D-5075-4C74-8CE8-B8EF81F827AE}.Debug|x64.ActiveCfg = Debug|x64
		{BB9D8D6D-5075-4C74-8CE8-B8EF81F827AE}.Debug|x64.Build.0 = Debug|x64
		{BB9D8D6D-5075-4C74-8CE8-B8EF81F827AE}.Debug|x86.ActiveCfg = Debug|x86
		{BB9D8D6D-5075-4C74-8CE8-B8EF81F827AE}.Debug|x86.Build.0 = Debug|x86
		{BB9D8D6D-5075-4C74-8CE8-B8EF81F827AE}.Release|Any CPU.ActiveCfg = Release|Any CPU
		{BB9D8D6D-5075-4C74-8CE8-B8EF81F827AE}.Release|Any CPU.Build.0 = Release|Any CPU
		{BB9D8D6D-5075-4C74-8CE8-B8EF81F827AE}.Release|x64.ActiveCfg = Release|x64
		{BB9D8D6D-5075-4C74-8CE8-B8EF81F827AE}.Release|x64.Build.0 = Release|x64
		{BB9D8D6D-5075-4C74-8CE8-B8EF81F827AE}.Release|x86.ActiveCfg = Release|x86
		{BB9D8D6D-5075-4C74-8CE8-B8EF81F827AE}.Release|x86.Build.0 = Release|x86
	EndGlobalSection
EndGlobal
